
Microsoft Visual Studio Solution File, Format Version 12.00
# Visual Studio Version 17
VisualStudioVersion = 17.5.002.0
MinimumVisualStudioVersion = 10.0.40219.1
Project("{9A19103F-16F7-4668-BE54-9A1E7A4F7556}") = "Mikro store", "Mikro store.csproj", "{EAC18DA5-7105-4FD2-A824-7B1C40E81DB4}"
EndProject
Global
	GlobalSection(SolutionConfigurationPlatforms) = preSolution
		Debug|Any CPU = Debug|Any CPU
		Release|Any CPU = Release|Any CPU
	EndGlobalSection
	GlobalSection(ProjectConfigurationPlatforms) = postSolution
		{EAC18DA5-7105-4FD2-A824-7B1C40E81DB4}.Debug|Any CPU.ActiveCfg = Debug|Any CPU
		{EAC18DA5-7105-4FD2-A824-7B1C40E81DB4}.Debug|Any CPU.Build.0 = Debug|Any CPU
		{EAC18DA5-7105-4FD2-A824-7B1C40E81DB4}.Release|Any CPU.ActiveCfg = Release|Any CPU
		{EAC18DA5-7105-4FD2-A824-7B1C40E81DB4}.Release|Any CPU.Build.0 = Release|Any CPU
	EndGlobalSection
	GlobalSection(SolutionProperties) = preSolution
		HideSolutionNode = FALSE
	EndGlobalSection
	GlobalSection(ExtensibilityGlobals) = postSolution
		SolutionGuid = {20EEF898-8437-4205-A13E-0A79ABFA4693}
	EndGlobalSection
EndGlobal
